
Microsoft Visual Studio Solution File, Format Version 12.00
# Visual Studio 2013
VisualStudioVersion = 12.0.21005.1
MinimumVisualStudioVersion = 10.0.40219.1
Project("{FAE04EC0-301F-11D3-BF4B-00C04F79EFBC}") = "BuildStep", "src\BuildStep\BuildStep.csproj", "{B3C7BD82-538F-421D-89DB-991A4F0F65E1}"
EndProject
Project("{930C7802-8A8C-48F9-8165-68863BCCD9DD}") = "Installer", "Installer\Installer.wixproj", "{ED6722BE-05EC-4683-A55F-BC305CEFC453}"
EndProject
Global
	GlobalSection(SolutionConfigurationPlatforms) = preSolution
		Corporate7BTE|Any CPU = Corporate7BTE|Any CPU
		Corporate7BTE|Mixed Platforms = Corporate7BTE|Mixed Platforms
		Corporate7BTE|x86 = Corporate7BTE|x86
		Corporate7EPUB|Any CPU = Corporate7EPUB|Any CPU
		Corporate7EPUB|Mixed Platforms = Corporate7EPUB|Mixed Platforms
		Corporate7EPUB|x86 = Corporate7EPUB|x86
		Corporate7SE|Any CPU = Corporate7SE|Any CPU
		Corporate7SE|Mixed Platforms = Corporate7SE|Mixed Platforms
		Corporate7SE|x86 = Corporate7SE|x86
		Debug|Any CPU = Debug|Any CPU
		Debug|Mixed Platforms = Debug|Mixed Platforms
		Debug|x86 = Debug|x86
		PathwayXeLaTeX|Any CPU = PathwayXeLaTeX|Any CPU
		PathwayXeLaTeX|Mixed Platforms = PathwayXeLaTeX|Mixed Platforms
		PathwayXeLaTeX|x86 = PathwayXeLaTeX|x86
		Release|Any CPU = Release|Any CPU
		Release|Mixed Platforms = Release|Mixed Platforms
		Release|x86 = Release|x86
		Release7BTE|Any CPU = Release7BTE|Any CPU
		Release7BTE|Mixed Platforms = Release7BTE|Mixed Platforms
		Release7BTE|x86 = Release7BTE|x86
		Release7SE|Any CPU = Release7SE|Any CPU
		Release7SE|Mixed Platforms = Release7SE|Mixed Platforms
		Release7SE|x86 = Release7SE|x86
	EndGlobalSection
	GlobalSection(ProjectConfigurationPlatforms) = postSolution
		{B3C7BD82-538F-421D-89DB-991A4F0F65E1}.Corporate7BTE|Any CPU.ActiveCfg = Corporate7BTE|Any CPU
		{B3C7BD82-538F-421D-89DB-991A4F0F65E1}.Corporate7BTE|Any CPU.Build.0 = Corporate7BTE|Any CPU
		{B3C7BD82-538F-421D-89DB-991A4F0F65E1}.Corporate7BTE|Mixed Platforms.ActiveCfg = Corporate7BTE|x86
		{B3C7BD82-538F-421D-89DB-991A4F0F65E1}.Corporate7BTE|Mixed Platforms.Build.0 = Corporate7BTE|x86
		{B3C7BD82-538F-421D-89DB-991A4F0F65E1}.Corporate7BTE|x86.ActiveCfg = Corporate7BTE|x86
		{B3C7BD82-538F-421D-89DB-991A4F0F65E1}.Corporate7BTE|x86.Build.0 = Corporate7BTE|x86
		{B3C7BD82-538F-421D-89DB-991A4F0F65E1}.Corporate7EPUB|Any CPU.ActiveCfg = Corporate7EPUB|Any CPU
		{B3C7BD82-538F-421D-89DB-991A4F0F65E1}.Corporate7EPUB|Any CPU.Build.0 = Corporate7EPUB|Any CPU
		{B3C7BD82-538F-421D-89DB-991A4F0F65E1}.Corporate7EPUB|Mixed Platforms.ActiveCfg = Corporate7EPUB|x86
		{B3C7BD82-538F-421D-89DB-991A4F0F65E1}.Corporate7EPUB|Mixed Platforms.Build.0 = Corporate7EPUB|x86
		{B3C7BD82-538F-421D-89DB-991A4F0F65E1}.Corporate7EPUB|x86.ActiveCfg = Corporate7EPUB|x86
		{B3C7BD82-538F-421D-89DB-991A4F0F65E1}.Corporate7EPUB|x86.Build.0 = Corporate7EPUB|x86
		{B3C7BD82-538F-421D-89DB-991A4F0F65E1}.Corporate7SE|Any CPU.ActiveCfg = Corporate7SE|Any CPU
		{B3C7BD82-538F-421D-89DB-991A4F0F65E1}.Corporate7SE|Any CPU.Build.0 = Corporate7SE|Any CPU
		{B3C7BD82-538F-421D-89DB-991A4F0F65E1}.Corporate7SE|Mixed Platforms.ActiveCfg = Corporate7SE|x86
		{B3C7BD82-538F-421D-89DB-991A4F0F65E1}.Corporate7SE|Mixed Platforms.Build.0 = Corporate7SE|x86
		{B3C7BD82-538F-421D-89DB-991A4F0F65E1}.Corporate7SE|x86.ActiveCfg = Corporate7SE|x86
		{B3C7BD82-538F-421D-89DB-991A4F0F65E1}.Corporate7SE|x86.Build.0 = Corporate7SE|x86
		{B3C7BD82-538F-421D-89DB-991A4F0F65E1}.Debug|Any CPU.ActiveCfg = Debug|Any CPU
		{B3C7BD82-538F-421D-89DB-991A4F0F65E1}.Debug|Any CPU.Build.0 = Debug|Any CPU
		{B3C7BD82-538F-421D-89DB-991A4F0F65E1}.Debug|Mixed Platforms.ActiveCfg = Debug|x86
		{B3C7BD82-538F-421D-89DB-991A4F0F65E1}.Debug|Mixed Platforms.Build.0 = Debug|x86
		{B3C7BD82-538F-421D-89DB-991A4F0F65E1}.Debug|x86.ActiveCfg = Debug|x86
		{B3C7BD82-538F-421D-89DB-991A4F0F65E1}.Debug|x86.Build.0 = Debug|x86
		{B3C7BD82-538F-421D-89DB-991A4F0F65E1}.PathwayXeLaTeX|Any CPU.ActiveCfg = PathwayXeLaTeX|Any CPU
		{B3C7BD82-538F-421D-89DB-991A4F0F65E1}.PathwayXeLaTeX|Any CPU.Build.0 = PathwayXeLaTeX|Any CPU
		{B3C7BD82-538F-421D-89DB-991A4F0F65E1}.PathwayXeLaTeX|Mixed Platforms.ActiveCfg = PathwayXeLaTeX|x86
		{B3C7BD82-538F-421D-89DB-991A4F0F65E1}.PathwayXeLaTeX|Mixed Platforms.Build.0 = PathwayXeLaTeX|x86
		{B3C7BD82-538F-421D-89DB-991A4F0F65E1}.PathwayXeLaTeX|x86.ActiveCfg = PathwayXeLaTeX|x86
		{B3C7BD82-538F-421D-89DB-991A4F0F65E1}.PathwayXeLaTeX|x86.Build.0 = PathwayXeLaTeX|x86
		{B3C7BD82-538F-421D-89DB-991A4F0F65E1}.Release|Any CPU.ActiveCfg = Release7SE|Any CPU
		{B3C7BD82-538F-421D-89DB-991A4F0F65E1}.Release|Any CPU.Build.0 = Release7SE|Any CPU
		{B3C7BD82-538F-421D-89DB-991A4F0F65E1}.Release|Mixed Platforms.ActiveCfg = Release7SE|x86
		{B3C7BD82-538F-421D-89DB-991A4F0F65E1}.Release|Mixed Platforms.Build.0 = Release7SE|x86
		{B3C7BD82-538F-421D-89DB-991A4F0F65E1}.Release|x86.ActiveCfg = Release7SE|x86
		{B3C7BD82-538F-421D-89DB-991A4F0F65E1}.Release|x86.Build.0 = Release7SE|x86
		{B3C7BD82-538F-421D-89DB-991A4F0F65E1}.Release7BTE|Any CPU.ActiveCfg = Release7BTE|Any CPU
		{B3C7BD82-538F-421D-89DB-991A4F0F65E1}.Release7BTE|Any CPU.Build.0 = Release7BTE|Any CPU
		{B3C7BD82-538F-421D-89DB-991A4F0F65E1}.Release7BTE|Mixed Platforms.ActiveCfg = Release7BTE|x86
		{B3C7BD82-538F-421D-89DB-991A4F0F65E1}.Release7BTE|Mixed Platforms.Build.0 = Release7BTE|x86
		{B3C7BD82-538F-421D-89DB-991A4F0F65E1}.Release7BTE|x86.ActiveCfg = Release7BTE|x86
		{B3C7BD82-538F-421D-89DB-991A4F0F65E1}.Release7BTE|x86.Build.0 = Release7BTE|x86
		{B3C7BD82-538F-421D-89DB-991A4F0F65E1}.Release7SE|Any CPU.ActiveCfg = Release7SE|Any CPU
		{B3C7BD82-538F-421D-89DB-991A4F0F65E1}.Release7SE|Any CPU.Build.0 = Release7SE|Any CPU
		{B3C7BD82-538F-421D-89DB-991A4F0F65E1}.Release7SE|Mixed Platforms.ActiveCfg = Release7SE|x86
		{B3C7BD82-538F-421D-89DB-991A4F0F65E1}.Release7SE|Mixed Platforms.Build.0 = Release7SE|x86
		{B3C7BD82-538F-421D-89DB-991A4F0F65E1}.Release7SE|x86.ActiveCfg = Release7SE|x86
		{B3C7BD82-538F-421D-89DB-991A4F0F65E1}.Release7SE|x86.Build.0 = Release7SE|x86
		{ED6722BE-05EC-4683-A55F-BC305CEFC453}.Corporate7BTE|Any CPU.ActiveCfg = Release|x86
		{ED6722BE-05EC-4683-A55F-BC305CEFC453}.Corporate7BTE|Mixed Platforms.ActiveCfg = Release|x86
		{ED6722BE-05EC-4683-A55F-BC305CEFC453}.Corporate7BTE|Mixed Platforms.Build.0 = Release|x86
		{ED6722BE-05EC-4683-A55F-BC305CEFC453}.Corporate7BTE|x86.ActiveCfg = Release|x86
		{ED6722BE-05EC-4683-A55F-BC305CEFC453}.Corporate7BTE|x86.Build.0 = Release|x86
		{ED6722BE-05EC-4683-A55F-BC305CEFC453}.Corporate7EPUB|Any CPU.ActiveCfg = Release|x86
		{ED6722BE-05EC-4683-A55F-BC305CEFC453}.Corporate7EPUB|Mixed Platforms.ActiveCfg = Release|x86
		{ED6722BE-05EC-4683-A55F-BC305CEFC453}.Corporate7EPUB|Mixed Platforms.Build.0 = Release|x86
		{ED6722BE-05EC-4683-A55F-BC305CEFC453}.Corporate7EPUB|x86.ActiveCfg = Release|x86
		{ED6722BE-05EC-4683-A55F-BC305CEFC453}.Corporate7EPUB|x86.Build.0 = Release|x86
		{ED6722BE-05EC-4683-A55F-BC305CEFC453}.Corporate7SE|Any CPU.ActiveCfg = Release|x86
		{ED6722BE-05EC-4683-A55F-BC305CEFC453}.Corporate7SE|Mixed Platforms.ActiveCfg = Release|x86
		{ED6722BE-05EC-4683-A55F-BC305CEFC453}.Corporate7SE|Mixed Platforms.Build.0 = Release|x86
		{ED6722BE-05EC-4683-A55F-BC305CEFC453}.Corporate7SE|x86.ActiveCfg = Release|x86
		{ED6722BE-05EC-4683-A55F-BC305CEFC453}.Corporate7SE|x86.Build.0 = Release|x86
		{ED6722BE-05EC-4683-A55F-BC305CEFC453}.Debug|Any CPU.ActiveCfg = Debug|x86
		{ED6722BE-05EC-4683-A55F-BC305CEFC453}.Debug|Mixed Platforms.ActiveCfg = Debug|x86
		{ED6722BE-05EC-4683-A55F-BC305CEFC453}.Debug|Mixed Platforms.Build.0 = Debug|x86
		{ED6722BE-05EC-4683-A55F-BC305CEFC453}.Debug|x86.ActiveCfg = Debug|x86
		{ED6722BE-05EC-4683-A55F-BC305CEFC453}.Debug|x86.Build.0 = Debug|x86
		{ED6722BE-05EC-4683-A55F-BC305CEFC453}.PathwayXeLaTeX|Any CPU.ActiveCfg = Release|x86
		{ED6722BE-05EC-4683-A55F-BC305CEFC453}.PathwayXeLaTeX|Mixed Platforms.ActiveCfg = Release|x86
		{ED6722BE-05EC-4683-A55F-BC305CEFC453}.PathwayXeLaTeX|Mixed Platforms.Build.0 = Release|x86
		{ED6722BE-05EC-4683-A55F-BC305CEFC453}.PathwayXeLaTeX|x86.ActiveCfg = Release|x86
		{ED6722BE-05EC-4683-A55F-BC305CEFC453}.PathwayXeLaTeX|x86.Build.0 = Release|x86
		{ED6722BE-05EC-4683-A55F-BC305CEFC453}.Release|Any CPU.ActiveCfg = Release|x86
		{ED6722BE-05EC-4683-A55F-BC305CEFC453}.Release|Mixed Platforms.ActiveCfg = Release|x86
		{ED6722BE-05EC-4683-A55F-BC305CEFC453}.Release|Mixed Platforms.Build.0 = Release|x86
		{ED6722BE-05EC-4683-A55F-BC305CEFC453}.Release|x86.ActiveCfg = Release|x86
		{ED6722BE-05EC-4683-A55F-BC305CEFC453}.Release|x86.Build.0 = Release|x86
		{ED6722BE-05EC-4683-A55F-BC305CEFC453}.Release7BTE|Any CPU.ActiveCfg = Release|x86
		{ED6722BE-05EC-4683-A55F-BC305CEFC453}.Release7BTE|Mixed Platforms.ActiveCfg = Release|x86
		{ED6722BE-05EC-4683-A55F-BC305CEFC453}.Release7BTE|Mixed Platforms.Build.0 = Release|x86
		{ED6722BE-05EC-4683-A55F-BC305CEFC453}.Release7BTE|x86.ActiveCfg = Release|x86
		{ED6722BE-05EC-4683-A55F-BC305CEFC453}.Release7BTE|x86.Build.0 = Release|x86
		{ED6722BE-05EC-4683-A55F-BC305CEFC453}.Release7SE|Any CPU.ActiveCfg = Release|x86
		{ED6722BE-05EC-4683-A55F-BC305CEFC453}.Release7SE|Mixed Platforms.ActiveCfg = Release|x86
		{ED6722BE-05EC-4683-A55F-BC305CEFC453}.Release7SE|Mixed Platforms.Build.0 = Release|x86
		{ED6722BE-05EC-4683-A55F-BC305CEFC453}.Release7SE|x86.ActiveCfg = Release|x86
		{ED6722BE-05EC-4683-A55F-BC305CEFC453}.Release7SE|x86.Build.0 = Release|x86
	EndGlobalSection
	GlobalSection(SolutionProperties) = preSolution
		HideSolutionNode = FALSE
	EndGlobalSection
EndGlobal
